github.com/EndFirstCorp/peekingReader v0.0.0-20171012052444-257fb6f1a1a6 h1:t27CGFMv8DwGwqRPEa2VNof5I/aZwO6q2gfJhN8q0U4=
github.com/EndFirstCorp/peekingReader v0.0.0-20171012052444-257fb6f1a1a6/go.mod h1:zpqkXxDsVfEIUZEWvT9yAo8OmRvSlRrcYQ3Zs8sSubA=
github.com/PuerkitoBio/goquery v1.5.1 h1:PSPBGne8NIUWw+/7vFBV+kG2J/5MOjbzc7154OaKCSE=
github.com/PuerkitoBio/goquery v1.5.1/go.mod h1:GsLWisAFVj4WgDibEWF4pvYnkVQBpKBKeU+7zCJoLcc=
github.com/andybalholm/cascadia v1.1.0 h1:BuuO6sSfQNFRu1LppgbD25Hr2vLYW25JvxHs5zzsLTo=
github.com/andybalholm/cascadia v1.1.0/go.mod h1:GsXiBklL0woXo1j/WYWtSYYC4ouU9PqHO0sqidkEA4Y=
github.com/codingsince1985/checksum v1.2.3 h1:BTqAK2E4ALvlRJ7qOQxrkDQ9KGn0QaytIy0UsKYYlDg=
github.com/codingsince1985/checksum v1.2.3/go.mod h1:ndgq6j/rW3sNk4mAX04SElqXfFJkXuVvwKq1G4BPfVM=
github.com/davecgh/go-spew v1.1.0 h1:ZDRjVQ15GmhC3fiQ8ni8+OwkZQO4DARzQgrnXU1Liz8=
github.com/davecgh/go-spew v1.1.0/go.mod h1:J7Y8YcW2NihsgmVo/mv3lAwl/skON4iLHjSsI+c5H38=
github.com/extrame/goyymmdd v0.0.0-20210114090516-7cc815f00d1a h1:c5k29baTzznteWs+9dxrtqpNxgtQ3V5NbU8d6laLK9Q=
github.com/extrame/goyymmdd v0.0.0-20210114090516-7cc815f00d1a/go.mod h1:xbpgo9r3xURoPa/l3sLKLGcnWlkz9UkfFsQ7lW0S6h8=
github.com/gabriel-vasile/mimetype v1.1.1 h1:qbN9MPuRf3bstHu9zkI9jDWNfH//9+9kHxr9oRBBBOA=
github.com/gabriel-vasile/mimetype v1.1.1/go.mod h1:6CDPel/o/3/s4+bp6kIbsWATq8pmgOisOPG40CJa6To=
github.com/kr/pretty v0.1.0 h1:L/CwN0zerZDmRFUapSPitk6f+Q3+0za1rQkzVuMiMFI=
github.com/kr/pretty v0.1.0/go.mod h1:dAy3ld7l9f0ibDNOQOHHMYYIIbhfbHSm3C4ZsoJORNo=
github.com/kr/pty v1.1.1/go.mod h1:pFQYn66WHrOpPYNljwOMqo10TkYh1fy3cYio2l3bCsQ=
github.com/kr/text v0.1.0 h1:45sCR5RtlFHMR4UwH9sdQ5TC8v0qDQCHnXt+kaKSTVE=
github.com/kr/text v0.1.0/go.mod h1:4Jbv+DJW3UT/LiOwJeYQe1efqtUx/iVham/4vfdArNI=
github.com/ledongthuc/pdf v0.0.0-20210621053716-e28cb8259002 h1:9KI9JpkbCm0b/xSjvNyg9O7G27t+cf+L3um6xv1IbNs=
github.com/ledongthuc/pdf v0.0.0-20210621053716-e28cb8259002/go.mod h1:imJHygn/1yfhB7XSJJKlFZKl/J+dCPAknuiaGOshXAs=
github.com/levigross/exp-html v0.0.0-20120902181939-8df60c69a8f5 h1:W7p+m/AECTL3s/YR5RpQ4hz5SjNeKzZBl1q36ws12s0=
github.com/levigross/exp-html v0.0.0-20120902181939-8df60c69a8f5/go.mod h1:QMe2wuKJ0o7zIVE8AqiT8rd8epmm6WDIZ2wyuBqYPzM=
github.com/lu4p/cat v0.1.5 h1:s51Bp/ns3u6n+hjjL2F77ySY6j/GD5SJG/t6Ok4Y1S0=
github.com/lu4p/cat v0.1.5/go.mod h1:G3YRyjSvBipqMBRZ2uLf1oRL3/eGGmuZf96m95Y4jRQ=
github.com/mattetti/filebuffer v1.0.1 h1:gG7pyfnSIZCxdoKq+cPa8T0hhYtD9NxCdI4D7PTjRLM=
github.com/mattetti/filebuffer v1.0.1/go.mod h1:YdMURNDOttIiruleeVr6f56OrMc+MydEnTcXwtkxNVs=
github.com/mattn/go-runewidth v0.0.7 h1:Ei8KR0497xHyKJPAv59M1dkC+rOZCMBJ+t3fZ+twI54=
github.com/mattn/go-runewidth v0.0.7/go.mod h1:H031xJmbD/WCDINGzjvQ9THkh0rPKHF+m2gUSrubnMI=
github.com/mitchellh/go-homedir v1.1.0 h1:lukF9ziXFxDFPkA1vsr5zpc1XuPDn/wFntq5mG+4E0Y=
github.com/mitchellh/go-homedir v1.1.0/go.mod h1:SfyaCUpYCn1Vlf4IUYiD9fPX4A5wJrkLzIz1N1q0pr0=
github.com/neofight/mobi v0.0.0-20171007153753-8122c3d7969d h1:HhAjAtnnEWq5uYckUMYytGDnWP24/pDznV9OCJCxu/c=
github.com/neofight/mobi v0.0.0-20171007153753-8122c3d7969d/go.mod h1:DwWm5emXKZY8eg5LMB8GN3mY6NzXewO6pl22iZH2mkc=
github.com/nfnt/resize v0.0.0-20180221191011-83c6a9932646 h1:zYyBkD/k9seD2A7fsi6Oo2LfFZAehjjQMERAvZLEDnQ=
github.com/nfnt/resize v0.0.0-20180221191011-83c6a9932646/go.mod h1:jpp1/29i3P1S/RLdc7JQKbRpFeM1dOBd8T9ki5s+AY8=
github.com/nwaples/rardecode v1.1.2 h1:Cj0yZY6T1Zx1R7AhTbyGSALm44/Mmq+BAPc4B/p/d3M=
github.com/nwaples/rardecode v1.1.2/go.mod h1:5DzqNKiOdpKKBH87u8VlvAnPZMXcGRhxWkRpHbbfGS0=
github.com/olekukonko/tablewriter v0.0.4 h1:vHD/YYe1Wolo78koG299f7V/VAS08c6IpCLn+Ejf/w8=
github.com/olekukonko/tablewriter v0.0.4/go.mod h1:zq6QwlOf5SlnkVbMSr5EoBv3636FWnp+qbPhuoO21uA=
github.com/pmezard/go-difflib v1.0.0 h1:4DBwDE0NGyQoBHbLQYPwSUPoCMWR5BEzIk/f1lZbAQM=
github.com/pmezard/go-difflib v1.0.0/go.mod h1:iKH77koFhYxTK1pcRnkKkqfTogsbg7gZNVY4sRDYZ/4=
github.com/richardlehane/mscfb v1.0.3 h1:rD8TBkYWkObWO0oLDFCbwMeZ4KoalxQy+QgniCj3nKI=
github.com/richardlehane/mscfb v1.0.3/go.mod h1:YzVpcZg9czvAuhk9T+a3avCpcFPMUWm7gK3DypaEsUk=
github.com/richardlehane/msoleps v1.0.1 h1:RfrALnSNXzmXLbGct/P2b4xkFz4e8Gmj/0Vj9M9xC1o=
github.com/richardlehane/msoleps v1.0.1/go.mod h1:BWev5JBpU9Ko2WAgmZEuiz4/u3ZYTKbjLycmwiWUfWg=
github.com/saracen/go7z v0.0.0-20191010121135-9c09b6bd7fda h1:h+YpzUB/bGVJcLqW+d5GghcCmE/A25KbzjXvWJQi/+o=
github.com/saracen/go7z v0.0.0-20191010121135-9c09b6bd7fda/go.mod h1:MSotTrCv1PwoR8QgU1JurEx+lNNbtr25I+m0zbLyAGw=
github.com/saracen/go7z-fixtures v0.0.0-20190623165746-aa6b8fba1d2f h1:PF9WV5j/x6MT+x/sauUHd4objCvJbZb0wdxZkHSdd5A=
github.com/saracen/go7z-fixtures v0.0.0-20190623165746-aa6b8fba1d2f/go.mod h1:6Ff0ADODZ6S3gYepgZ2w7OqFrTqtFcfwDUhmm8jsUhs=
github.com/saracen/solidblock v0.0.0-20190426153529-45df20abab6f h1:1cJITU3JUI8qNS5T0BlXwANsVdyoJQHQ4hvOxbunPCw=
github.com/saracen/solidblock v0.0.0-20190426153529-45df20abab6f/go.mod h1:LyBTue+RWeyIfN3ZJ4wVxvDuvlGJtDgCLgCb6HCPgps=
github.com/ssor/bom v0.0.0-20170718123548-6386211fdfcf h1:pvbZ0lM0XWPBqUKqFU8cmavspvIl9nulOYwdy6IFRRo=
github.com/ssor/bom v0.0.0-20170718123548-6386211fdfcf/go.mod h1:RJID2RhlZKId02nZ62WenDCkgHFerpIOmW0iT7GKmXM=
github.com/stretchr/objx v0.1.0/go.mod h1:HFkY916IF+rwdDfMAkV7OtwuqBVzrE8GR6GFx+wExME=
github.com/stretchr/testify v1.7.0 h1:nwc3DEeHmmLAfoZucVR881uASk0Mfjw8xYJ99tb5CcY=
github.com/stretchr/testify v1.7.0/go.mod h1:6Fq8oRcR53rry900zMqJjRRixrwX3KX962/h/Wwjteg=
github.com/taylorskalyo/goreader v0.0.0-20200824222855-e6d35a3ce54c h1:vUSfFUb4DjPF6AXdZdYQF4oyOdh9dkR1Ealqm97FA2k=
github.com/taylorskalyo/goreader v0.0.0-20200824222855-e6d35a3ce54c/go.mod h1:SvZ2xhgvZ/guFDSJrcliLPMYrdcQV/2bGEo4xvQgQcA=
github.com/tealeg/xlsx v1.0.5 h1:+f8oFmvY8Gw1iUXzPk+kz+4GpbDZPK1FhPiQRd+ypgE=
github.com/tealeg/xlsx v1.0.5/go.mod h1:btRS8dz54TDnvKNosuAqxrM1QgN1udgk9O34bDCnORM=
github.com/ulikunitz/xz v0.5.10 h1:t92gobL9l3HE202wg3rlk19F6X+JOxl9BBrCCMYEYd8=
github.com/ulikunitz/xz v0.5.10/go.mod h1:nbz6k7qbPmH4IRqmfOplQw/tblSgqTqBwxkY0oWt/14=
golang.org/x/crypto v0.0.0-20190308221718-c2843e01d9a2/go.mod h1:djNgcEr1/C05ACkg1iLfiJU5Ep61QUkGW8qpdssI0+w=
golang.org/x/crypto v0.0.0-20210921155107-089bfa567519 h1:7I4JAnoQBe7ZtJcBaYHi5UtiO8tQHbUSXxL+pnGRANg=
golang.org/x/crypto v0.0.0-20210921155107-089bfa567519/go.mod h1:GvvjBRRGRdwPK5ydBHafDWAxML/pGHZbMvKqRZ5+Abc=
golang.org/x/image v0.0.0-20211028202545-6944b10bf410 h1:hTftEOvwiOq2+O8k2D5/Q7COC7k5Qcrgc2TFURJYnvQ=
golang.org/x/image v0.0.0-20211028202545-6944b10bf410/go.mod h1:023OzeP/+EPmXeapQh35lcL3II3LrY8Ic+EFFKVhULM=
golang.org/x/net v0.0.0-20180218175443-cbe0f9307d01/go.mod h1:mL1N/T3taQHkDXs73rZJwtUhF3w3ftmwwsq0BUmARs4=
golang.org/x/net v0.0.0-20200202094626-16171245cfb2/go.mod h1:z5CRVTTTmAJ677TzLLGU+0bjPO0LkuOLi4/5GtJWs/s=
golang.org/x/net v0.0.0-20210226172049-e18ecbb05110/go.mod h1:m0MpNAwzfU5UDzcl9v0D8zg8gWTRqZa9RBIspLL5mdg=
golang.org/x/net v0.0.0-20211020060615-d418f374d309 h1:A0lJIi+hcTR6aajJH4YqKWwohY4aW9RO7oRMcdv+HKI=
golang.org/x/net v0.0.0-20211020060615-d418f374d309/go.mod h1:9nx3DQGgdP8bBQD5qxJ1jj9UTztislL4KSBs9R2vV5Y=
golang.org/x/sys v0.0.0-20190215142949-d0b11bdaac8a/go.mod h1:STP8DvDyc/dI5b8T5hshtkjS+E42TnysNCUPdjciGhY=
golang.org/x/sys v0.0.0-20201119102817-f84b799fce68/go.mod h1:h1NjWce9XRLGQEsW7wpKNCjG9DtNlClVuFLEZdDNbEs=
golang.org/x/sys v0.0.0-20210423082822-04245dca01da/go.mod h1:h1NjWce9XRLGQEsW7wpKNCjG9DtNlClVuFLEZdDNbEs=
golang.org/x/sys v0.0.0-20210615035016-665e8c7367d1 h1:SrN+KX8Art/Sf4HNj6Zcz06G7VEz+7w9tdXTPOZ7+l4=
golang.org/x/sys v0.0.0-20210615035016-665e8c7367d1/go.mod h1:oPkhp1MJrh7nUepCBck5+mAzfO9JrbApNNgaTdGDITg=
golang.org/x/term v0.0.0-20201126162022-7de9c90e9dd1/go.mod h1:bj7SfCRtBDWHUb9snDiAeCFNEtKQo2Wmx5Cou7ajbmo=
golang.org/x/text v0.3.0/go.mod h1:NqM8EUOU14njkJ3fqMW+pc6Ldnwhi/IjpwHt7yyuwOQ=
golang.org/x/text v0.3.3/go.mod h1:5Zoc/QRtKVWzQhOtBMvqHzDpF6irO9z98xDceosuGiQ=
golang.org/x/text v0.3.6 h1:aRYxNxv6iGQlyVaZmk6ZgYEDa+Jg18DxebPSrd6bg1M=
golang.org/x/text v0.3.6/go.mod h1:5Zoc/QRtKVWzQhOtBMvqHzDpF6irO9z98xDceosuGiQ=
golang.org/x/tools v0.0.0-20180917221912-90fa682c2a6e h1:FDhOuMEY4JVRztM/gsbk+IKUQ8kj74bxZrgw87eMMVc=
golang.org/x/tools v0.0.0-20180917221912-90fa682c2a6e/go.mod h1:n7NCudcB/nEzxVGmLbDWY5pfWTLqBcC2KZ6jyYvM4mQ=
gopkg.in/check.v1 v0.0.0-20161208181325-20d25e280405/go.mod h1:Co6ibVJAznAaIkqp8huTwlJQCZ016jof/cbN4VW5Yz0=
gopkg.in/check.v1 v1.0.0-20190902080502-41f04d3bba15 h1:YR8cESwS4TdDjEe65xsg0ogRM/Nc3DYOhEAlW+xobZo=
gopkg.in/check.v1 v1.0.0-20190902080502-41f04d3bba15/go.mod h1:Co6ibVJAznAaIkqp8huTwlJQCZ016jof/cbN4VW5Yz0=
gopkg.in/xmlpath.v2 v2.0.0-20150820204837-860cbeca3ebc h1:LMEBgNcZUqXaP7evD1PZcL6EcDVa2QOFuI+cqM3+AJM=
gopkg.in/xmlpath.v2 v2.0.0-20150820204837-860cbeca3ebc/go.mod h1:N8UOSI6/c2yOpa/XDz3KVUiegocTziPiqNkeNTMiG1k=
gopkg.in/yaml.v3 v3.0.0-20200313102051-9f266ea9e77c h1:dUUwHk2QECo/6vqA44rthZ8ie2QXMNeKRTHCNY2nXvo=
gopkg.in/yaml.v3 v3.0.0-20200313102051-9f266ea9e77c/go.mod h1:K4uyk7z7BCEPqu6E+C64Yfv1cQ7kz7rIZviUmN+EgEM=
